
Microsoft Visual Studio Solution File, Format Version 12.00
# Visual Studio Version 17
VisualStudioVersion = 17.7.34031.279
MinimumVisualStudioVersion = 10.0.40219.1
Project("{FAE04EC0-301F-11D3-BF4B-00C04F79EFBC}") = "Assignment_4-213034", "Assignment_4-213034\Assignment_4-213034.csproj", "{A218000D-9F7C-4B20-ACB2-550BD4D778CB}"
EndProject
Global
	GlobalSection(SolutionConfigurationPlatforms) = preSolution
		Debug|Any CPU = Debug|Any CPU
		Release|Any CPU = Release|Any CPU
	EndGlobalSection
	GlobalSection(ProjectConfigurationPlatforms) = postSolution
		{A218000D-9F7C-4B20-ACB2-550BD4D778CB}.Debug|Any CPU.ActiveCfg = Debug|Any CPU
		{A218000D-9F7C-4B20-ACB2-550BD4D778CB}.Debug|Any CPU.Build.0 = Debug|Any CPU
		{A218000D-9F7C-4B20-ACB2-550BD4D778CB}.Release|Any CPU.ActiveCfg = Release|Any CPU
		{A218000D-9F7C-4B20-ACB2-550BD4D778CB}.Release|Any CPU.Build.0 = Release|Any CPU
	EndGlobalSection
	GlobalSection(SolutionProperties) = preSolution
		HideSolutionNode = FALSE
	EndGlobalSection
	GlobalSection(ExtensibilityGlobals) = postSolution
		SolutionGuid = {27B01417-6E2A-4473-95E1-16A1F2E0597B}
	EndGlobalSection
EndGlobal
